# This file is autogenerated, do not edit; changes may be undone by the next 'dep ensure'.


[[projects]]
  name = "github.com/xanzy/go-cloudstack"
  packages = ["cloudstack"]
  revision = "6585d3c9c80515b31d8bb25746fc391df5bc1db8"
  version = "v2.3.0"

[solve-meta]
  analyzer-name = "dep"
  analyzer-version = 1
  inputs-digest = "d609b4d56dbb43adcea0d72a022227a3345b3d0c66205abbb0ed7c6cd888cacd"
  solver-name = "gps-cdcl"
  solver-version = 1
